// !$*UTF8*$!
{
	archiveVersion = 1;
	classes = {
	};
	objectVersion = 46;
	objects = {

/* Begin PBXBuildFile section */
		63AFEF9E187D0B790094C8B2 /* Foundation.framework in Frameworks */ = {isa = PBXBuildFile; fileRef = 63AFEF9D187D0B790094C8B2 /* Foundation.framework */; };
		63AFEFA0187D0B790094C8B2 /* CoreGraphics.framework in Frameworks */ = {isa = PBXBuildFile; fileRef = 63AFEF9F187D0B790094C8B2 /* CoreGraphics.framework */; };
		63AFEFA2187D0B790094C8B2 /* UIKit.framework in Frameworks */ = {isa = PBXBuildFile; fileRef = 63AFEFA1187D0B790094C8B2 /* UIKit.framework */; };
		63AFEFA8187D0B790094C8B2 /* InfoPlist.strings in Resources */ = {isa = PBXBuildFile; fileRef = 63AFEFA6187D0B790094C8B2 /* InfoPlist.strings */; };
		63AFEFAA187D0B790094C8B2 /* main.m in Sources */ = {isa = PBXBuildFile; fileRef = 63AFEFA9187D0B790094C8B2 /* main.m */; };
		63AFEFAE187D0B790094C8B2 /* AppDelegate.m in Sources */ = {isa = PBXBuildFile; fileRef = 63AFEFAD187D0B790094C8B2 /* AppDelegate.m */; };
		63AFEFB1187D0B790094C8B2 /* Main.storyboard in Resources */ = {isa = PBXBuildFile; fileRef = 63AFEFAF187D0B790094C8B2 /* Main.storyboard */; };
		63AFEFB4187D0B790094C8B2 /* ViewController.m in Sources */ = {isa = PBXBuildFile; fileRef = 63AFEFB3187D0B790094C8B2 /* ViewController.m */; };
		63AFEFB6187D0B790094C8B2 /* Images.xcassets in Resources */ = {isa = PBXBuildFile; fileRef = 63AFEFB5187D0B790094C8B2 /* Images.xcassets */; };
		63AFEFBD187D0B790094C8B2 /* XCTest.framework in Frameworks */ = {isa = PBXBuildFile; fileRef = 63AFEFBC187D0B790094C8B2 /* XCTest.framework */; };
		63AFEFBE187D0B790094C8B2 /* Foundation.framework in Frameworks */ = {isa = PBXBuildFile; fileRef = 63AFEF9D187D0B790094C8B2 /* Foundation.framework */; };
		63AFEFBF187D0B790094C8B2 /* UIKit.framework in Frameworks */ = {isa = PBXBuildFile; fileRef = 63AFEFA1187D0B790094C8B2 /* UIKit.framework */; };
		63AFEFC7187D0B7A0094C8B2 /* InfoPlist.strings in Resources */ = {isa = PBXBuildFile; fileRef = 63AFEFC5187D0B7A0094C8B2 /* InfoPlist.strings */; };
		63AFEFC9187D0B7A0094C8B2 /* ASIHttpRequestTests.m in Sources */ = {isa = PBXBuildFile; fileRef = 63AFEFC8187D0B7A0094C8B2 /* ASIHttpRequestTests.m */; };
		63AFF02B187D24B80094C8B2 /* ASIAuthenticationDialog.m in Sources */ = {isa = PBXBuildFile; fileRef = 63AFEFD6187D24B80094C8B2 /* ASIAuthenticationDialog.m */; settings = {COMPILER_FLAGS = "-fno-objc-arc"; }; };
		63AFF02C187D24B80094C8B2 /* ASIDataCompressor.m in Sources */ = {isa = PBXBuildFile; fileRef = 63AFEFD9187D24B80094C8B2 /* ASIDataCompressor.m */; settings = {COMPILER_FLAGS = "-fno-objc-arc"; }; };
		63AFF02D187D24B80094C8B2 /* ASIDataDecompressor.m in Sources */ = {isa = PBXBuildFile; fileRef = 63AFEFDB187D24B80094C8B2 /* ASIDataDecompressor.m */; settings = {COMPILER_FLAGS = "-fno-objc-arc"; }; };
		63AFF02E187D24B80094C8B2 /* ASIDownloadCache.m in Sources */ = {isa = PBXBuildFile; fileRef = 63AFEFDD187D24B80094C8B2 /* ASIDownloadCache.m */; settings = {COMPILER_FLAGS = "-fno-objc-arc"; }; };
		63AFF02F187D24B80094C8B2 /* ASIFormDataRequest.m in Sources */ = {isa = PBXBuildFile; fileRef = 63AFEFDF187D24B80094C8B2 /* ASIFormDataRequest.m */; settings = {COMPILER_FLAGS = "-fno-objc-arc"; }; };
		63AFF030187D24B80094C8B2 /* ASIHTTPRequest.m in Sources */ = {isa = PBXBuildFile; fileRef = 63AFEFE1187D24B80094C8B2 /* ASIHTTPRequest.m */; settings = {COMPILER_FLAGS = "-fno-objc-arc"; }; };
		63AFF031187D24B80094C8B2 /* ASIInputStream.m in Sources */ = {isa = PBXBuildFile; fileRef = 63AFEFE5187D24B80094C8B2 /* ASIInputStream.m */; settings = {COMPILER_FLAGS = "-fno-objc-arc"; }; };
		63AFF032187D24B80094C8B2 /* ASINetworkQueue.m in Sources */ = {isa = PBXBuildFile; fileRef = 63AFEFE7187D24B80094C8B2 /* ASINetworkQueue.m */; settings = {COMPILER_FLAGS = "-fno-objc-arc"; }; };
		63AFF033187D24B80094C8B2 /* ASIWebPageRequest.m in Sources */ = {isa = PBXBuildFile; fileRef = 63AFEFEB187D24B80094C8B2 /* ASIWebPageRequest.m */; settings = {COMPILER_FLAGS = "-fno-objc-arc"; }; };
		63AFF034187D24B80094C8B2 /* ASICloudFilesCDNRequest.m in Sources */ = {isa = PBXBuildFile; fileRef = 63AFEFEE187D24B80094C8B2 /* ASICloudFilesCDNRequest.m */; settings = {COMPILER_FLAGS = "-fno-objc-arc"; }; };
		63AFF035187D24B80094C8B2 /* ASICloudFilesContainer.m in Sources */ = {isa = PBXBuildFile; fileRef = 63AFEFF0187D24B80094C8B2 /* ASICloudFilesContainer.m */; settings = {COMPILER_FLAGS = "-fno-objc-arc"; }; };
		63AFF036187D24B80094C8B2 /* ASICloudFilesContainerRequest.m in Sources */ = {isa = PBXBuildFile; fileRef = 63AFEFF2187D24B80094C8B2 /* ASICloudFilesContainerRequest.m */; settings = {COMPILER_FLAGS = "-fno-objc-arc"; }; };
		63AFF037187D24B80094C8B2 /* ASICloudFilesContainerXMLParserDelegate.m in Sources */ = {isa = PBXBuildFile; fileRef = 63AFEFF4187D24B80094C8B2 /* ASICloudFilesContainerXMLParserDelegate.m */; settings = {COMPILER_FLAGS = "-fno-objc-arc"; }; };
		63AFF038187D24B80094C8B2 /* ASICloudFilesObject.m in Sources */ = {isa = PBXBuildFile; fileRef = 63AFEFF6187D24B80094C8B2 /* ASICloudFilesObject.m */; settings = {COMPILER_FLAGS = "-fno-objc-arc"; }; };
		63AFF039187D24B80094C8B2 /* ASICloudFilesObjectRequest.m in Sources */ = {isa = PBXBuildFile; fileRef = 63AFEFF8187D24B80094C8B2 /* ASICloudFilesObjectRequest.m */; settings = {COMPILER_FLAGS = "-fno-objc-arc"; }; };
		63AFF03A187D24B80094C8B2 /* ASICloudFilesRequest.m in Sources */ = {isa = PBXBuildFile; fileRef = 63AFEFFA187D24B80094C8B2 /* ASICloudFilesRequest.m */; settings = {COMPILER_FLAGS = "-fno-objc-arc"; }; };
		63AFF03B187D24B80094C8B2 /* ASIS3Bucket.m in Sources */ = {isa = PBXBuildFile; fileRef = 63AFEFFE187D24B80094C8B2 /* ASIS3Bucket.m */; settings = {COMPILER_FLAGS = "-fno-objc-arc"; }; };
		63AFF03C187D24B80094C8B2 /* ASIS3BucketObject.m in Sources */ = {isa = PBXBuildFile; fileRef = 63AFF000187D24B80094C8B2 /* ASIS3BucketObject.m */; settings = {COMPILER_FLAGS = "-fno-objc-arc"; }; };
		63AFF03D187D24B80094C8B2 /* ASIS3BucketRequest.m in Sources */ = {isa = PBXBuildFile; fileRef = 63AFF002187D24B80094C8B2 /* ASIS3BucketRequest.m */; settings = {COMPILER_FLAGS = "-fno-objc-arc"; }; };
		63AFF03E187D24B80094C8B2 /* ASIS3ObjectRequest.m in Sources */ = {isa = PBXBuildFile; fileRef = 63AFF004187D24B80094C8B2 /* ASIS3ObjectRequest.m */; settings = {COMPILER_FLAGS = "-fno-objc-arc"; }; };
		63AFF03F187D24B80094C8B2 /* ASIS3Request.m in Sources */ = {isa = PBXBuildFile; fileRef = 63AFF006187D24B80094C8B2 /* ASIS3Request.m */; settings = {COMPILER_FLAGS = "-fno-objc-arc"; }; };
		63AFF040187D24B80094C8B2 /* ASIS3ServiceRequest.m in Sources */ = {isa = PBXBuildFile; fileRef = 63AFF008187D24B80094C8B2 /* ASIS3ServiceRequest.m */; settings = {COMPILER_FLAGS = "-fno-objc-arc"; }; };
		63AFF050187D24B80094C8B2 /* Reachability.m in Sources */ = {isa = PBXBuildFile; fileRef = 63AFF02A187D24B80094C8B2 /* Reachability.m */; settings = {COMPILER_FLAGS = "-fno-objc-arc"; }; };
		63AFF052187D25490094C8B2 /* CFNetwork.framework in Frameworks */ = {isa = PBXBuildFile; fileRef = 63AFF051187D25490094C8B2 /* CFNetwork.framework */; };
		63AFF054187D255C0094C8B2 /* MobileCoreServices.framework in Frameworks */ = {isa = PBXBuildFile; fileRef = 63AFF053187D255C0094C8B2 /* MobileCoreServices.framework */; };
		63AFF056187D256C0094C8B2 /* Security.framework in Frameworks */ = {isa = PBXBuildFile; fileRef = 63AFF055187D256C0094C8B2 /* Security.framework */; };
		63AFF058187D25760094C8B2 /* SystemConfiguration.framework in Frameworks */ = {isa = PBXBuildFile; fileRef = 63AFF057187D25760094C8B2 /* SystemConfiguration.framework */; };
		63AFF05A187D25850094C8B2 /* libxml2.dylib in Frameworks */ = {isa = PBXBuildFile; fileRef = 63AFF059187D25850094C8B2 /* libxml2.dylib */; };
		63AFF05C187D258D0094C8B2 /* libz.dylib in Frameworks */ = {isa = PBXBuildFile; fileRef = 63AFF05B187D258D0094C8B2 /* libz.dylib */; };
		63AFF06A187D32820094C8B2 /* ASIHTTPRequest+DownloadData.m in Sources */ = {isa = PBXBuildFile; fileRef = 63AFF069187D32820094C8B2 /* ASIHTTPRequest+DownloadData.m */; };
		63AFF070187D33520094C8B2 /* ASIHTTPRequestHeader.m in Sources */ = {isa = PBXBuildFile; fileRef = 63AFF06F187D33520094C8B2 /* ASIHTTPRequestHeader.m */; };
		63AFF077187D34780094C8B2 /* ASINetworkQueue+StaticQueues.m in Sources */ = {isa = PBXBuildFile; fileRef = 63AFF076187D34780094C8B2 /* ASINetworkQueue+StaticQueues.m */; };
		63B6E0E3188125E500F1624D /* DownloadDataButton.m in Sources */ = {isa = PBXBuildFile; fileRef = 63B6E0E2188125E500F1624D /* DownloadDataButton.m */; };
/* End PBXBuildFile section */

/* Begin PBXContainerItemProxy section */
		63AFEFC0187D0B7A0094C8B2 /* PBXContainerItemProxy */ = {
			isa = PBXContainerItemProxy;
			containerPortal = 63AFEF92187D0B790094C8B2 /* Project object */;
			proxyType = 1;
			remoteGlobalIDString = 63AFEF99187D0B790094C8B2;
			remoteInfo = ASIHttpRequest;
		};
/* End PBXContainerItemProxy section */

/* Begin PBXFileReference section */
		63AFEF9A187D0B790094C8B2 /* ASIHttpRequest.app */ = {isa = PBXFileReference; explicitFileType = wrapper.application; includeInIndex = 0; path = ASIHttpRequest.app; sourceTree = BUILT_PRODUCTS_DIR; };
		63AFEF9D187D0B790094C8B2 /* Foundation.framework */ = {isa = PBXFileReference; lastKnownFileType = wrapper.framework; name = Foundation.framework; path = System/Library/Frameworks/Foundation.framework; sourceTree = SDKROOT; };
		63AFEF9F187D0B790094C8B2 /* CoreGraphics.framework */ = {isa = PBXFileReference; lastKnownFileType = wrapper.framework; name = CoreGraphics.framework; path = System/Library/Frameworks/CoreGraphics.framework; sourceTree = SDKROOT; };
		63AFEFA1187D0B790094C8B2 /* UIKit.framework */ = {isa = PBXFileReference; lastKnownFileType = wrapper.framework; name = UIKit.framework; path = System/Library/Frameworks/UIKit.framework; sourceTree = SDKROOT; };
		63AFEFA5187D0B790094C8B2 /* ASIHttpRequest-Info.plist */ = {isa = PBXFileReference; lastKnownFileType = text.plist.xml; path = "ASIHttpRequest-Info.plist"; sourceTree = "<group>"; };
		63AFEFA7187D0B790094C8B2 /* en */ = {isa = PBXFileReference; lastKnownFileType = text.plist.strings; name = en; path = en.lproj/InfoPlist.strings; sourceTree = "<group>"; };
		63AFEFA9187D0B790094C8B2 /* main.m */ = {isa = PBXFileReference; lastKnownFileType = sourcecode.c.objc; path = main.m; sourceTree = "<group>"; };
		63AFEFAB187D0B790094C8B2 /* ASIHttpRequest-Prefix.pch */ = {isa = PBXFileReference; lastKnownFileType = sourcecode.c.h; path = "ASIHttpRequest-Prefix.pch"; sourceTree = "<group>"; };
		63AFEFAC187D0B790094C8B2 /* AppDelegate.h */ = {isa = PBXFileReference; lastKnownFileType = sourcecode.c.h; path = AppDelegate.h; sourceTree = "<group>"; };
		63AFEFAD187D0B790094C8B2 /* AppDelegate.m */ = {isa = PBXFileReference; lastKnownFileType = sourcecode.c.objc; path = AppDelegate.m; sourceTree = "<group>"; };
		63AFEFB0187D0B790094C8B2 /* Base */ = {isa = PBXFileReference; lastKnownFileType = file.storyboard; name = Base; path = Base.lproj/Main.storyboard; sourceTree = "<group>"; };
		63AFEFB2187D0B790094C8B2 /* ViewController.h */ = {isa = PBXFileReference; lastKnownFileType = sourcecode.c.h; path = ViewController.h; sourceTree = "<group>"; };
		63AFEFB3187D0B790094C8B2 /* ViewController.m */ = {isa = PBXFileReference; lastKnownFileType = sourcecode.c.objc; path = ViewController.m; sourceTree = "<group>"; };
		63AFEFB5187D0B790094C8B2 /* Images.xcassets */ = {isa = PBXFileReference; lastKnownFileType = folder.assetcatalog; path = Images.xcassets; sourceTree = "<group>"; };
		63AFEFBB187D0B790094C8B2 /* ASIHttpRequestTests.xctest */ = {isa = PBXFileReference; explicitFileType = wrapper.cfbundle; includeInIndex = 0; path = ASIHttpRequestTests.xctest; sourceTree = BUILT_PRODUCTS_DIR; };
		63AFEFBC187D0B790094C8B2 /* XCTest.framework */ = {isa = PBXFileReference; lastKnownFileType = wrapper.framework; name = XCTest.framework; path = Library/Frameworks/XCTest.framework; sourceTree = DEVELOPER_DIR; };
		63AFEFC4187D0B7A0094C8B2 /* ASIHttpRequestTests-Info.plist */ = {isa = PBXFileReference; lastKnownFileType = text.plist.xml; path = "ASIHttpRequestTests-Info.plist"; sourceTree = "<group>"; };
		63AFEFC6187D0B7A0094C8B2 /* en */ = {isa = PBXFileReference; lastKnownFileType = text.plist.strings; name = en; path = en.lproj/InfoPlist.strings; sourceTree = "<group>"; };
		63AFEFC8187D0B7A0094C8B2 /* ASIHttpRequestTests.m */ = {isa = PBXFileReference; lastKnownFileType = sourcecode.c.objc; path = ASIHttpRequestTests.m; sourceTree = "<group>"; };
		63AFEFD5187D24B80094C8B2 /* ASIAuthenticationDialog.h */ = {isa = PBXFileReference; fileEncoding = 4; lastKnownFileType = sourcecode.c.h; path = ASIAuthenticationDialog.h; sourceTree = "<group>"; };
		63AFEFD6187D24B80094C8B2 /* ASIAuthenticationDialog.m */ = {isa = PBXFileReference; fileEncoding = 4; lastKnownFileType = sourcecode.c.objc; path = ASIAuthenticationDialog.m; sourceTree = "<group>"; };
		63AFEFD7187D24B80094C8B2 /* ASICacheDelegate.h */ = {isa = PBXFileReference; fileEncoding = 4; lastKnownFileType = sourcecode.c.h; path = ASICacheDelegate.h; sourceTree = "<group>"; };
		63AFEFD8187D24B80094C8B2 /* ASIDataCompressor.h */ = {isa = PBXFileReference; fileEncoding = 4; lastKnownFileType = sourcecode.c.h; path = ASIDataCompressor.h; sourceTree = "<group>"; };
		63AFEFD9187D24B80094C8B2 /* ASIDataCompressor.m */ = {isa = PBXFileReference; fileEncoding = 4; lastKnownFileType = sourcecode.c.objc; path = ASIDataCompressor.m; sourceTree = "<group>"; };
		63AFEFDA187D24B80094C8B2 /* ASIDataDecompressor.h */ = {isa = PBXFileReference; fileEncoding = 4; lastKnownFileType = sourcecode.c.h; path = ASIDataDecompressor.h; sourceTree = "<group>"; };
		63AFEFDB187D24B80094C8B2 /* ASIDataDecompressor.m */ = {isa = PBXFileReference; fileEncoding = 4; lastKnownFileType = sourcecode.c.objc; path = ASIDataDecompressor.m; sourceTree = "<group>"; };
		63AFEFDC187D24B80094C8B2 /* ASIDownloadCache.h */ = {isa = PBXFileReference; fileEncoding = 4; lastKnownFileType = sourcecode.c.h; path = ASIDownloadCache.h; sourceTree = "<group>"; };
		63AFEFDD187D24B80094C8B2 /* ASIDownloadCache.m */ = {isa = PBXFileReference; fileEncoding = 4; lastKnownFileType = sourcecode.c.objc; path = ASIDownloadCache.m; sourceTree = "<group>"; };
		63AFEFDE187D24B80094C8B2 /* ASIFormDataRequest.h */ = {isa = PBXFileReference; fileEncoding = 4; lastKnownFileType = sourcecode.c.h; path = ASIFormDataRequest.h; sourceTree = "<group>"; };
		63AFEFDF187D24B80094C8B2 /* ASIFormDataRequest.m */ = {isa = PBXFileReference; fileEncoding = 4; lastKnownFileType = sourcecode.c.objc; path = ASIFormDataRequest.m; sourceTree = "<group>"; };
		63AFEFE0187D24B80094C8B2 /* ASIHTTPRequest.h */ = {isa = PBXFileReference; fileEncoding = 4; lastKnownFileType = sourcecode.c.h; path = ASIHTTPRequest.h; sourceTree = "<group>"; };
		63AFEFE1187D24B80094C8B2 /* ASIHTTPRequest.m */ = {isa = PBXFileReference; fileEncoding = 4; lastKnownFileType = sourcecode.c.objc; path = ASIHTTPRequest.m; sourceTree = "<group>"; };
		63AFEFE2187D24B80094C8B2 /* ASIHTTPRequestConfig.h */ = {isa = PBXFileReference; fileEncoding = 4; lastKnownFileType = sourcecode.c.h; path = ASIHTTPRequestConfig.h; sourceTree = "<group>"; };
		63AFEFE3187D24B80094C8B2 /* ASIHTTPRequestDelegate.h */ = {isa = PBXFileReference; fileEncoding = 4; lastKnownFileType = sourcecode.c.h; path = ASIHTTPRequestDelegate.h; sourceTree = "<group>"; };
		63AFEFE4187D24B80094C8B2 /* ASIInputStream.h */ = {isa = PBXFileReference; fileEncoding = 4; lastKnownFileType = sourcecode.c.h; path = ASIInputStream.h; sourceTree = "<group>"; };
		63AFEFE5187D24B80094C8B2 /* ASIInputStream.m */ = {isa = PBXFileReference; fileEncoding = 4; lastKnownFileType = sourcecode.c.objc; path = ASIInputStream.m; sourceTree = "<group>"; };
		63AFEFE6187D24B80094C8B2 /* ASINetworkQueue.h */ = {isa = PBXFileReference; fileEncoding = 4; lastKnownFileType = sourcecode.c.h; path = ASINetworkQueue.h; sourceTree = "<group>"; };
		63AFEFE7187D24B80094C8B2 /* ASINetworkQueue.m */ = {isa = PBXFileReference; fileEncoding = 4; lastKnownFileType = sourcecode.c.objc; path = ASINetworkQueue.m; sourceTree = "<group>"; };
		63AFEFE8187D24B80094C8B2 /* ASIProgressDelegate.h */ = {isa = PBXFileReference; fileEncoding = 4; lastKnownFileType = sourcecode.c.h; path = ASIProgressDelegate.h; sourceTree = "<group>"; };
		63AFEFEA187D24B80094C8B2 /* ASIWebPageRequest.h */ = {isa = PBXFileReference; fileEncoding = 4; lastKnownFileType = sourcecode.c.h; path = ASIWebPageRequest.h; sourceTree = "<group>"; };
		63AFEFEB187D24B80094C8B2 /* ASIWebPageRequest.m */ = {isa = PBXFileReference; fileEncoding = 4; lastKnownFileType = sourcecode.c.objc; path = ASIWebPageRequest.m; sourceTree = "<group>"; };
		63AFEFED187D24B80094C8B2 /* ASICloudFilesCDNRequest.h */ = {isa = PBXFileReference; fileEncoding = 4; lastKnownFileType = sourcecode.c.h; path = ASICloudFilesCDNRequest.h; sourceTree = "<group>"; };
		63AFEFEE187D24B80094C8B2 /* ASICloudFilesCDNRequest.m */ = {isa = PBXFileReference; fileEncoding = 4; lastKnownFileType = sourcecode.c.objc; path = ASICloudFilesCDNRequest.m; sourceTree = "<group>"; };
		63AFEFEF187D24B80094C8B2 /* ASICloudFilesContainer.h */ = {isa = PBXFileReference; fileEncoding = 4; lastKnownFileType = sourcecode.c.h; path = ASICloudFilesContainer.h; sourceTree = "<group>"; };
		63AFEFF0187D24B80094C8B2 /* ASICloudFilesContainer.m */ = {isa = PBXFileReference; fileEncoding = 4; lastKnownFileType = sourcecode.c.objc; path = ASICloudFilesContainer.m; sourceTree = "<group>"; };
		63AFEFF1187D24B80094C8B2 /* ASICloudFilesContainerRequest.h */ = {isa = PBXFileReference; fileEncoding = 4; lastKnownFileType = sourcecode.c.h; path = ASICloudFilesContainerRequest.h; sourceTree = "<group>"; };
		63AFEFF2187D24B80094C8B2 /* ASICloudFilesContainerRequest.m */ = {isa = PBXFileReference; fileEncoding = 4; lastKnownFileType = sourcecode.c.objc; path = ASICloudFilesContainerRequest.m; sourceTree = "<group>"; };
		63AFEFF3187D24B80094C8B2 /* ASICloudFilesContainerXMLParserDelegate.h */ = {isa = PBXFileReference; fileEncoding = 4; lastKnownFileType = sourcecode.c.h; path = ASICloudFilesContainerXMLParserDelegate.h; sourceTree = "<group>"; };
		63AFEFF4187D24B80094C8B2 /* ASICloudFilesContainerXMLParserDelegate.m */ = {isa = PBXFileReference; fileEncoding = 4; lastKnownFileType = sourcecode.c.objc; path = ASICloudFilesContainerXMLParserDelegate.m; sourceTree = "<group>"; };
		63AFEFF5187D24B80094C8B2 /* ASICloudFilesObject.h */ = {isa = PBXFileReference; fileEncoding = 4; lastKnownFileType = sourcecode.c.h; path = ASICloudFilesObject.h; sourceTree = "<group>"; };
		63AFEFF6187D24B80094C8B2 /* ASICloudFilesObject.m */ = {isa = PBXFileReference; fileEncoding = 4; lastKnownFileType = sourcecode.c.objc; path = ASICloudFilesObject.m; sourceTree = "<group>"; };
		63AFEFF7187D24B80094C8B2 /* ASICloudFilesObjectRequest.h */ = {isa = PBXFileReference; fileEncoding = 4; lastKnownFileType = sourcecode.c.h; path = ASICloudFilesObjectRequest.h; sourceTree = "<group>"; };
		63AFEFF8187D24B80094C8B2 /* ASICloudFilesObjectRequest.m */ = {isa = PBXFileReference; fileEncoding = 4; lastKnownFileType = sourcecode.c.objc; path = ASICloudFilesObjectRequest.m; sourceTree = "<group>"; };
		63AFEFF9187D24B80094C8B2 /* ASICloudFilesRequest.h */ = {isa = PBXFileReference; fileEncoding = 4; lastKnownFileType = sourcecode.c.h; path = ASICloudFilesRequest.h; sourceTree = "<group>"; };
		63AFEFFA187D24B80094C8B2 /* ASICloudFilesRequest.m */ = {isa = PBXFileReference; fileEncoding = 4; lastKnownFileType = sourcecode.c.objc; path = ASICloudFilesRequest.m; sourceTree = "<group>"; };
		63AFEFFC187D24B80094C8B2 /* ASINSXMLParserCompat.h */ = {isa = PBXFileReference; fileEncoding = 4; lastKnownFileType = sourcecode.c.h; path = ASINSXMLParserCompat.h; sourceTree = "<group>"; };
		63AFEFFD187D24B80094C8B2 /* ASIS3Bucket.h */ = {isa = PBXFileReference; fileEncoding = 4; lastKnownFileType = sourcecode.c.h; path = ASIS3Bucket.h; sourceTree = "<group>"; };
		63AFEFFE187D24B80094C8B2 /* ASIS3Bucket.m */ = {isa = PBXFileReference; fileEncoding = 4; lastKnownFileType = sourcecode.c.objc; path = ASIS3Bucket.m; sourceTree = "<group>"; };
		63AFEFFF187D24B80094C8B2 /* ASIS3BucketObject.h */ = {isa = PBXFileReference; fileEncoding = 4; lastKnownFileType = sourcecode.c.h; path = ASIS3BucketObject.h; sourceTree = "<group>"; };
		63AFF000187D24B80094C8B2 /* ASIS3BucketObject.m */ = {isa = PBXFileReference; fileEncoding = 4; lastKnownFileType = sourcecode.c.objc; path = ASIS3BucketObject.m; sourceTree = "<group>"; };
		63AFF001187D24B80094C8B2 /* ASIS3BucketRequest.h */ = {isa = PBXFileReference; fileEncoding = 4; lastKnownFileType = sourcecode.c.h; path = ASIS3BucketRequest.h; sourceTree = "<group>"; };
		63AFF002187D24B80094C8B2 /* ASIS3BucketRequest.m */ = {isa = PBXFileReference; fileEncoding = 4; lastKnownFileType = sourcecode.c.objc; path = ASIS3BucketRequest.m; sourceTree = "<group>"; };
		63AFF003187D24B80094C8B2 /* ASIS3ObjectRequest.h */ = {isa = PBXFileReference; fileEncoding = 4; lastKnownFileType = sourcecode.c.h; path = ASIS3ObjectRequest.h; sourceTree = "<group>"; };
		63AFF004187D24B80094C8B2 /* ASIS3ObjectRequest.m */ = {isa = PBXFileReference; fileEncoding = 4; lastKnownFileType = sourcecode.c.objc; path = ASIS3ObjectRequest.m; sourceTree = "<group>"; };
		63AFF005187D24B80094C8B2 /* ASIS3Request.h */ = {isa = PBXFileReference; fileEncoding = 4; lastKnownFileType = sourcecode.c.h; path = ASIS3Request.h; sourceTree = "<group>"; };
		63AFF006187D24B80094C8B2 /* ASIS3Request.m */ = {isa = PBXFileReference; fileEncoding = 4; lastKnownFileType = sourcecode.c.objc; path = ASIS3Request.m; sourceTree = "<group>"; };
		63AFF007187D24B80094C8B2 /* ASIS3ServiceRequest.h */ = {isa = PBXFileReference; fileEncoding = 4; lastKnownFileType = sourcecode.c.h; path = ASIS3ServiceRequest.h; sourceTree = "<group>"; };
		63AFF008187D24B80094C8B2 /* ASIS3ServiceRequest.m */ = {isa = PBXFileReference; fileEncoding = 4; lastKnownFileType = sourcecode.c.objc; path = ASIS3ServiceRequest.m; sourceTree = "<group>"; };
		63AFF029187D24B80094C8B2 /* Reachability.h */ = {isa = PBXFileReference; fileEncoding = 4; lastKnownFileType = sourcecode.c.h; path = Reachability.h; sourceTree = "<group>"; };
		63AFF02A187D24B80094C8B2 /* Reachability.m */ = {isa = PBXFileReference; fileEncoding = 4; lastKnownFileType = sourcecode.c.objc; path = Reachability.m; sourceTree = "<group>"; };
		63AFF051187D25490094C8B2 /* CFNetwork.framework */ = {isa = PBXFileReference; lastKnownFileType = wrapper.framework; name = CFNetwork.framework; path = System/Library/Frameworks/CFNetwork.framework; sourceTree = SDKROOT; };
		63AFF053187D255C0094C8B2 /* MobileCoreServices.framework */ = {isa = PBXFileReference; lastKnownFileType = wrapper.framework; name = MobileCoreServices.framework; path = System/Library/Frameworks/MobileCoreServices.framework; sourceTree = SDKROOT; };
		63AFF055187D256C0094C8B2 /* Security.framework */ = {isa = PBXFileReference; lastKnownFileType = wrapper.framework; name = Security.framework; path = System/Library/Frameworks/Security.framework; sourceTree = SDKROOT; };
		63AFF057187D25760094C8B2 /* SystemConfiguration.framework */ = {isa = PBXFileReference; lastKnownFileType = wrapper.framework; name = SystemConfiguration.framework; path = System/Library/Frameworks/SystemConfiguration.framework; sourceTree = SDKROOT; };
		63AFF059187D25850094C8B2 /* libxml2.dylib */ = {isa = PBXFileReference; lastKnownFileType = "compiled.mach-o.dylib"; name = libxml2.dylib; path = usr/lib/libxml2.dylib; sourceTree = SDKROOT; };
		63AFF05B187D258D0094C8B2 /* libz.dylib */ = {isa = PBXFileReference; lastKnownFileType = "compiled.mach-o.dylib"; name = libz.dylib; path = usr/lib/libz.dylib; sourceTree = SDKROOT; };
		63AFF05D187D26BF0094C8B2 /* libxml2.2.dylib */ = {isa = PBXFileReference; lastKnownFileType = "compiled.mach-o.dylib"; name = libxml2.2.dylib; path = usr/lib/libxml2.2.dylib; sourceTree = SDKROOT; };
		63AFF068187D32820094C8B2 /* ASIHTTPRequest+DownloadData.h */ = {isa = PBXFileReference; fileEncoding = 4; lastKnownFileType = sourcecode.c.h; path = "ASIHTTPRequest+DownloadData.h"; sourceTree = "<group>"; };
		63AFF069187D32820094C8B2 /* ASIHTTPRequest+DownloadData.m */ = {isa = PBXFileReference; fileEncoding = 4; lastKnownFileType = sourcecode.c.objc; path = "ASIHTTPRequest+DownloadData.m"; sourceTree = "<group>"; };
		63AFF06E187D33520094C8B2 /* ASIHTTPRequestHeader.h */ = {isa = PBXFileReference; fileEncoding = 4; lastKnownFileType = sourcecode.c.h; path = ASIHTTPRequestHeader.h; sourceTree = "<group>"; };
		63AFF06F187D33520094C8B2 /* ASIHTTPRequestHeader.m */ = {isa = PBXFileReference; fileEncoding = 4; lastKnownFileType = sourcecode.c.objc; path = ASIHTTPRequestHeader.m; sourceTree = "<group>"; };
		63AFF075187D34780094C8B2 /* ASINetworkQueue+StaticQueues.h */ = {isa = PBXFileReference; fileEncoding = 4; lastKnownFileType = sourcecode.c.h; path = "ASINetworkQueue+StaticQueues.h"; sourceTree = "<group>"; };
		63AFF076187D34780094C8B2 /* ASINetworkQueue+StaticQueues.m */ = {isa = PBXFileReference; fileEncoding = 4; lastKnownFileType = sourcecode.c.objc; path = "ASINetworkQueue+StaticQueues.m"; sourceTree = "<group>"; };
		63B6E0E1188125E500F1624D /* DownloadDataButton.h */ = {isa = PBXFileReference; fileEncoding = 4; lastKnownFileType = sourcecode.c.h; path = DownloadDataButton.h; sourceTree = "<group>"; };
		63B6E0E2188125E500F1624D /* DownloadDataButton.m */ = {isa = PBXFileReference; fileEncoding = 4; lastKnownFileType = sourcecode.c.objc; path = DownloadDataButton.m; sourceTree = "<group>"; };
/* End PBXFileReference section */

/* Begin PBXFrameworksBuildPhase section */
		63AFEF97187D0B790094C8B2 /* Frameworks */ = {
			isa = PBXFrameworksBuildPhase;
			buildActionMask = 2147483647;
			files = (
				63AFF05C187D258D0094C8B2 /* libz.dylib in Frameworks */,
				63AFF05A187D25850094C8B2 /* libxml2.dylib in Frameworks */,
				63AFF058187D25760094C8B2 /* SystemConfiguration.framework in Frameworks */,
				63AFF056187D256C0094C8B2 /* Security.framework in Frameworks */,
				63AFF054187D255C0094C8B2 /* MobileCoreServices.framework in Frameworks */,
				63AFF052187D25490094C8B2 /* CFNetwork.framework in Frameworks */,
				63AFEFA0187D0B790094C8B2 /* CoreGraphics.framework in Frameworks */,
				63AFEFA2187D0B790094C8B2 /* UIKit.framework in Frameworks */,
				63AFEF9E187D0B790094C8B2 /* Foundation.framework in Frameworks */,
			);
			runOnlyForDeploymentPostprocessing = 0;
		};
		63AFEFB8187D0B790094C8B2 /* Frameworks */ = {
			isa = PBXFrameworksBuildPhase;
			buildActionMask = 2147483647;
			files = (
				63AFEFBD187D0B790094C8B2 /* XCTest.framework in Frameworks */,
				63AFEFBF187D0B790094C8B2 /* UIKit.framework in Frameworks */,
				63AFEFBE187D0B790094C8B2 /* Foundation.framework in Frameworks */,
			);
			runOnlyForDeploymentPostprocessing = 0;
		};
/* End PBXFrameworksBuildPhase section */

/* Begin PBXGroup section */
		63AFEF91187D0B790094C8B2 = {
			isa = PBXGroup;
			children = (
				63AFEFA3187D0B790094C8B2 /* ASIHttpRequest */,
				63AFEFC2187D0B7A0094C8B2 /* ASIHttpRequestTests */,
				63AFEF9C187D0B790094C8B2 /* Frameworks */,
				63AFEF9B187D0B790094C8B2 /* Products */,
			);
			sourceTree = "<group>";
		};
		63AFEF9B187D0B790094C8B2 /* Products */ = {
			isa = PBXGroup;
			children = (
				63AFEF9A187D0B790094C8B2 /* ASIHttpRequest.app */,
				63AFEFBB187D0B790094C8B2 /* ASIHttpRequestTests.xctest */,
			);
			name = Products;
			sourceTree = "<group>";
		};
		63AFEF9C187D0B790094C8B2 /* Frameworks */ = {
			isa = PBXGroup;
			children = (
				63AFF05D187D26BF0094C8B2 /* libxml2.2.dylib */,
				63AFF05B187D258D0094C8B2 /* libz.dylib */,
				63AFF059187D25850094C8B2 /* libxml2.dylib */,
				63AFF057187D25760094C8B2 /* SystemConfiguration.framework */,
				63AFF055187D256C0094C8B2 /* Security.framework */,
				63AFF053187D255C0094C8B2 /* MobileCoreServices.framework */,
				63AFF051187D25490094C8B2 /* CFNetwork.framework */,
				63AFEF9D187D0B790094C8B2 /* Foundation.framework */,
				63AFEF9F187D0B790094C8B2 /* CoreGraphics.framework */,
				63AFEFA1187D0B790094C8B2 /* UIKit.framework */,
				63AFEFBC187D0B790094C8B2 /* XCTest.framework */,
			);
			name = Frameworks;
			sourceTree = "<group>";
		};
		63AFEFA3187D0B790094C8B2 /* ASIHttpRequest */ = {
			isa = PBXGroup;
			children = (
				63AFEFD3187D24680094C8B2 /* ASI */,
				63AFEFAC187D0B790094C8B2 /* AppDelegate.h */,
				63AFEFAD187D0B790094C8B2 /* AppDelegate.m */,
				63AFEFAF187D0B790094C8B2 /* Main.storyboard */,
				63AFEFB2187D0B790094C8B2 /* ViewController.h */,
				63AFEFB3187D0B790094C8B2 /* ViewController.m */,
				63AFEFB5187D0B790094C8B2 /* Images.xcassets */,
				63AFEFA4187D0B790094C8B2 /* Supporting Files */,
			);
			path = ASIHttpRequest;
			sourceTree = "<group>";
		};
		63AFEFA4187D0B790094C8B2 /* Supporting Files */ = {
			isa = PBXGroup;
			children = (
				63AFEFA5187D0B790094C8B2 /* ASIHttpRequest-Info.plist */,
				63AFEFA6187D0B790094C8B2 /* InfoPlist.strings */,
				63AFEFA9187D0B790094C8B2 /* main.m */,
				63AFEFAB187D0B790094C8B2 /* ASIHttpRequest-Prefix.pch */,
			);
			name = "Supporting Files";
			sourceTree = "<group>";
		};
		63AFEFC2187D0B7A0094C8B2 /* ASIHttpRequestTests */ = {
			isa = PBXGroup;
			children = (
				63AFEFC8187D0B7A0094C8B2 /* ASIHttpRequestTests.m */,
				63AFEFC3187D0B7A0094C8B2 /* Supporting Files */,
			);
			path = ASIHttpRequestTests;
			sourceTree = "<group>";
		};
		63AFEFC3187D0B7A0094C8B2 /* Supporting Files */ = {
			isa = PBXGroup;
			children = (
				63AFEFC4187D0B7A0094C8B2 /* ASIHttpRequestTests-Info.plist */,
				63AFEFC5187D0B7A0094C8B2 /* InfoPlist.strings */,
			);
			name = "Supporting Files";
			sourceTree = "<group>";
		};
		63AFEFD3187D24680094C8B2 /* ASI */ = {
			isa = PBXGroup;
			children = (
				63AFF064187D31080094C8B2 /* DRExtendASI */,
				63AFEFD4187D24B80094C8B2 /* Classes */,
				63AFF027187D24B80094C8B2 /* External */,
			);
			path = ASI;
			sourceTree = "<group>";
		};
		63AFEFD4187D24B80094C8B2 /* Classes */ = {
			isa = PBXGroup;
			children = (
				63AFEFD5187D24B80094C8B2 /* ASIAuthenticationDialog.h */,
				63AFEFD6187D24B80094C8B2 /* ASIAuthenticationDialog.m */,
				63AFEFD7187D24B80094C8B2 /* ASICacheDelegate.h */,
				63AFEFD8187D24B80094C8B2 /* ASIDataCompressor.h */,
				63AFEFD9187D24B80094C8B2 /* ASIDataCompressor.m */,
				63AFEFDA187D24B80094C8B2 /* ASIDataDecompressor.h */,
				63AFEFDB187D24B80094C8B2 /* ASIDataDecompressor.m */,
				63AFEFDC187D24B80094C8B2 /* ASIDownloadCache.h */,
				63AFEFDD187D24B80094C8B2 /* ASIDownloadCache.m */,
				63AFEFDE187D24B80094C8B2 /* ASIFormDataRequest.h */,
				63AFEFDF187D24B80094C8B2 /* ASIFormDataRequest.m */,
				63AFEFE0187D24B80094C8B2 /* ASIHTTPRequest.h */,
				63AFEFE1187D24B80094C8B2 /* ASIHTTPRequest.m */,
				63AFEFE2187D24B80094C8B2 /* ASIHTTPRequestConfig.h */,
				63AFEFE3187D24B80094C8B2 /* ASIHTTPRequestDelegate.h */,
				63AFEFE4187D24B80094C8B2 /* ASIInputStream.h */,
				63AFEFE5187D24B80094C8B2 /* ASIInputStream.m */,
				63AFEFE6187D24B80094C8B2 /* ASINetworkQueue.h */,
				63AFEFE7187D24B80094C8B2 /* ASINetworkQueue.m */,
				63AFEFE8187D24B80094C8B2 /* ASIProgressDelegate.h */,
				63AFEFE9187D24B80094C8B2 /* ASIWebPageRequest */,
				63AFEFEC187D24B80094C8B2 /* CloudFiles */,
				63AFEFFB187D24B80094C8B2 /* S3 */,
			);
			path = Classes;
			sourceTree = "<group>";
		};
		63AFEFE9187D24B80094C8B2 /* ASIWebPageRequest */ = {
			isa = PBXGroup;
			children = (
				63AFEFEA187D24B80094C8B2 /* ASIWebPageRequest.h */,
				63AFEFEB187D24B80094C8B2 /* ASIWebPageRequest.m */,
			);
			path = ASIWebPageRequest;
			sourceTree = "<group>";
		};
		63AFEFEC187D24B80094C8B2 /* CloudFiles */ = {
			isa = PBXGroup;
			children = (
				63AFEFED187D24B80094C8B2 /* ASICloudFilesCDNRequest.h */,
				63AFEFEE187D24B80094C8B2 /* ASICloudFilesCDNRequest.m */,
				63AFEFEF187D24B80094C8B2 /* ASICloudFilesContainer.h */,
				63AFEFF0187D24B80094C8B2 /* ASICloudFilesContainer.m */,
				63AFEFF1187D24B80094C8B2 /* ASICloudFilesContainerRequest.h */,
				63AFEFF2187D24B80094C8B2 /* ASICloudFilesContainerRequest.m */,
				63AFEFF3187D24B80094C8B2 /* ASICloudFilesContainerXMLParserDelegate.h */,
				63AFEFF4187D24B80094C8B2 /* ASICloudFilesContainerXMLParserDelegate.m */,
				63AFEFF5187D24B80094C8B2 /* ASICloudFilesObject.h */,
				63AFEFF6187D24B80094C8B2 /* ASICloudFilesObject.m */,
				63AFEFF7187D24B80094C8B2 /* ASICloudFilesObjectRequest.h */,
				63AFEFF8187D24B80094C8B2 /* ASICloudFilesObjectRequest.m */,
				63AFEFF9187D24B80094C8B2 /* ASICloudFilesRequest.h */,
				63AFEFFA187D24B80094C8B2 /* ASICloudFilesRequest.m */,
			);
			path = CloudFiles;
			sourceTree = "<group>";
		};
		63AFEFFB187D24B80094C8B2 /* S3 */ = {
			isa = PBXGroup;
			children = (
				63AFEFFC187D24B80094C8B2 /* ASINSXMLParserCompat.h */,
				63AFEFFD187D24B80094C8B2 /* ASIS3Bucket.h */,
				63AFEFFE187D24B80094C8B2 /* ASIS3Bucket.m */,
				63AFEFFF187D24B80094C8B2 /* ASIS3BucketObject.h */,
				63AFF000187D24B80094C8B2 /* ASIS3BucketObject.m */,
				63AFF001187D24B80094C8B2 /* ASIS3BucketRequest.h */,
				63AFF002187D24B80094C8B2 /* ASIS3BucketRequest.m */,
				63AFF003187D24B80094C8B2 /* ASIS3ObjectRequest.h */,
				63AFF004187D24B80094C8B2 /* ASIS3ObjectRequest.m */,
				63AFF005187D24B80094C8B2 /* ASIS3Request.h */,
				63AFF006187D24B80094C8B2 /* ASIS3Request.m */,
				63AFF007187D24B80094C8B2 /* ASIS3ServiceRequest.h */,
				63AFF008187D24B80094C8B2 /* ASIS3ServiceRequest.m */,
			);
			path = S3;
			sourceTree = "<group>";
		};
		63AFF027187D24B80094C8B2 /* External */ = {
			isa = PBXGroup;
			children = (
				63AFF028187D24B80094C8B2 /* Reachability */,
			);
			path = External;
			sourceTree = "<group>";
		};
		63AFF028187D24B80094C8B2 /* Reachability */ = {
			isa = PBXGroup;
			children = (
				63AFF029187D24B80094C8B2 /* Reachability.h */,
				63AFF02A187D24B80094C8B2 /* Reachability.m */,
			);
			path = Reachability;
			sourceTree = "<group>";
		};
		63AFF064187D31080094C8B2 /* DRExtendASI */ = {
			isa = PBXGroup;
			children = (
				63B6E0E1188125E500F1624D /* DownloadDataButton.h */,
				63B6E0E2188125E500F1624D /* DownloadDataButton.m */,
				63AFF068187D32820094C8B2 /* ASIHTTPRequest+DownloadData.h */,
				63AFF069187D32820094C8B2 /* ASIHTTPRequest+DownloadData.m */,
				63AFF06E187D33520094C8B2 /* ASIHTTPRequestHeader.h */,
				63AFF06F187D33520094C8B2 /* ASIHTTPRequestHeader.m */,
				63AFF075187D34780094C8B2 /* ASINetworkQueue+StaticQueues.h */,
				63AFF076187D34780094C8B2 /* ASINetworkQueue+StaticQueues.m */,
			);
			path = DRExtendASI;
			sourceTree = "<group>";
		};
/* End PBXGroup section */

/* Begin PBXNativeTarget section */
		63AFEF99187D0B790094C8B2 /* ASIHttpRequest */ = {
			isa = PBXNativeTarget;
			buildConfigurationList = 63AFEFCC187D0B7A0094C8B2 /* Build configuration list for PBXNativeTarget "ASIHttpRequest" */;
			buildPhases = (
				63AFEF96187D0B790094C8B2 /* Sources */,
				63AFEF97187D0B790094C8B2 /* Frameworks */,
				63AFEF98187D0B790094C8B2 /* Resources */,
			);
			buildRules = (
			);
			dependencies = (
			);
			name = ASIHttpRequest;
			productName = ASIHttpRequest;
			productReference = 63AFEF9A187D0B790094C8B2 /* ASIHttpRequest.app */;
			productType = "com.apple.product-type.application";
		};
		63AFEFBA187D0B790094C8B2 /* ASIHttpRequestTests */ = {
			isa = PBXNativeTarget;
			buildConfigurationList = 63AFEFCF187D0B7A0094C8B2 /* Build configuration list for PBXNativeTarget "ASIHttpRequestTests" */;
			buildPhases = (
				63AFEFB7187D0B790094C8B2 /* Sources */,
				63AFEFB8187D0B790094C8B2 /* Frameworks */,
				63AFEFB9187D0B790094C8B2 /* Resources */,
			);
			buildRules = (
			);
			dependencies = (
				63AFEFC1187D0B7A0094C8B2 /* PBXTargetDependency */,
			);
			name = ASIHttpRequestTests;
			productName = ASIHttpRequestTests;
			productReference = 63AFEFBB187D0B790094C8B2 /* ASIHttpRequestTests.xctest */;
			productType = "com.apple.product-type.bundle.unit-test";
		};
/* End PBXNativeTarget section */

/* Begin PBXProject section */
		63AFEF92187D0B790094C8B2 /* Project object */ = {
			isa = PBXProject;
			attributes = {
				LastUpgradeCheck = 0500;
				ORGANIZATIONNAME = david;
				TargetAttributes = {
					63AFEFBA187D0B790094C8B2 = {
						TestTargetID = 63AFEF99187D0B790094C8B2;
					};
				};
			};
			buildConfigurationList = 63AFEF95187D0B790094C8B2 /* Build configuration list for PBXProject "ASIHttpRequest" */;
			compatibilityVersion = "Xcode 3.2";
			developmentRegion = English;
			hasScannedForEncodings = 0;
			knownRegions = (
				en,
				Base,
			);
			mainGroup = 63AFEF91187D0B790094C8B2;
			productRefGroup = 63AFEF9B187D0B790094C8B2 /* Products */;
			projectDirPath = "";
			projectRoot = "";
			targets = (
				63AFEF99187D0B790094C8B2 /* ASIHttpRequest */,
				63AFEFBA187D0B790094C8B2 /* ASIHttpRequestTests */,
			);
		};
/* End PBXProject section */

/* Begin PBXResourcesBuildPhase section */
		63AFEF98187D0B790094C8B2 /* Resources */ = {
			isa = PBXResourcesBuildPhase;
			buildActionMask = 2147483647;
			files = (
				63AFEFB6187D0B790094C8B2 /* Images.xcassets in Resources */,
				63AFEFA8187D0B790094C8B2 /* InfoPlist.strings in Resources */,
				63AFEFB1187D0B790094C8B2 /* Main.storyboard in Resources */,
			);
			runOnlyForDeploymentPostprocessing = 0;
		};
		63AFEFB9187D0B790094C8B2 /* Resources */ = {
			isa = PBXResourcesBuildPhase;
			buildActionMask = 2147483647;
			files = (
				63AFEFC7187D0B7A0094C8B2 /* InfoPlist.strings in Resources */,
			);
			runOnlyForDeploymentPostprocessing = 0;
		};
/* End PBXResourcesBuildPhase section */

/* Begin PBXSourcesBuildPhase section */
		63AFEF96187D0B790094C8B2 /* Sources */ = {
			isa = PBXSourcesBuildPhase;
			buildActionMask = 2147483647;
			files = (
				63AFF02C187D24B80094C8B2 /* ASIDataCompressor.m in Sources */,
				63AFEFB4187D0B790094C8B2 /* ViewController.m in Sources */,
				63AFF040187D24B80094C8B2 /* ASIS3ServiceRequest.m in Sources */,
				63AFF030187D24B80094C8B2 /* ASIHTTPRequest.m in Sources */,
				63AFF03E187D24B80094C8B2 /* ASIS3ObjectRequest.m in Sources */,
				63B6E0E3188125E500F1624D /* DownloadDataButton.m in Sources */,
				63AFF02B187D24B80094C8B2 /* ASIAuthenticationDialog.m in Sources */,
				63AFF03F187D24B80094C8B2 /* ASIS3Request.m in Sources */,
				63AFF034187D24B80094C8B2 /* ASICloudFilesCDNRequest.m in Sources */,
				63AFF02F187D24B80094C8B2 /* ASIFormDataRequest.m in Sources */,
				63AFEFAE187D0B790094C8B2 /* AppDelegate.m in Sources */,
				63AFF03D187D24B80094C8B2 /* ASIS3BucketRequest.m in Sources */,
				63AFF037187D24B80094C8B2 /* ASICloudFilesContainerXMLParserDelegate.m in Sources */,
				63AFF06A187D32820094C8B2 /* ASIHTTPRequest+DownloadData.m in Sources */,
				63AFF036187D24B80094C8B2 /* ASICloudFilesContainerRequest.m in Sources */,
				63AFF031187D24B80094C8B2 /* ASIInputStream.m in Sources */,
				63AFF03A187D24B80094C8B2 /* ASICloudFilesRequest.m in Sources */,
				63AFF033187D24B80094C8B2 /* ASIWebPageRequest.m in Sources */,
				63AFF035187D24B80094C8B2 /* ASICloudFilesContainer.m in Sources */,
				63AFF039187D24B80094C8B2 /* ASICloudFilesObjectRequest.m in Sources */,
				63AFEFAA187D0B790094C8B2 /* main.m in Sources */,
				63AFF070187D33520094C8B2 /* ASIHTTPRequestHeader.m in Sources */,
				63AFF032187D24B80094C8B2 /* ASINetworkQueue.m in Sources */,
				63AFF03C187D24B80094C8B2 /* ASIS3BucketObject.m in Sources */,
				63AFF02D187D24B80094C8B2 /* ASIDataDecompressor.m in Sources */,
				63AFF03B187D24B80094C8B2 /* ASIS3Bucket.m in Sources */,
				63AFF077187D34780094C8B2 /* ASINetworkQueue+StaticQueues.m in Sources */,
				63AFF038187D24B80094C8B2 /* ASICloudFilesObject.m in Sources */,
				63AFF02E187D24B80094C8B2 /* ASIDownloadCache.m in Sources */,
				63AFF050187D24B80094C8B2 /* Reachability.m in Sources */,
			);
			runOnlyForDeploymentPostprocessing = 0;
		};
		63AFEFB7187D0B790094C8B2 /* Sources */ = {
			isa = PBXSourcesBuildPhase;
			buildActionMask = 2147483647;
			files = (
				63AFEFC9187D0B7A0094C8B2 /* ASIHttpRequestTests.m in Sources */,
			);
			runOnlyForDeploymentPostprocessing = 0;
		};
/* End PBXSourcesBuildPhase section */

/* Begin PBXTargetDependency section */
		63AFEFC1187D0B7A0094C8B2 /* PBXTargetDependency */ = {
			isa = PBXTargetDependency;
			target = 63AFEF99187D0B790094C8B2 /* ASIHttpRequest */;
			targetProxy = 63AFEFC0187D0B7A0094C8B2 /* PBXContainerItemProxy */;
		};
/* End PBXTargetDependency section */

/* Begin PBXVariantGroup section */
		63AFEFA6187D0B790094C8B2 /* InfoPlist.strings */ = {
			isa = PBXVariantGroup;
			children = (
				63AFEFA7187D0B790094C8B2 /* en */,
			);
			name = InfoPlist.strings;
			sourceTree = "<group>";
		};
		63AFEFAF187D0B790094C8B2 /* Main.storyboard */ = {
			isa = PBXVariantGroup;
			children = (
				63AFEFB0187D0B790094C8B2 /* Base */,
			);
			name = Main.storyboard;
			sourceTree = "<group>";
		};
		63AFEFC5187D0B7A0094C8B2 /* InfoPlist.strings */ = {
			isa = PBXVariantGroup;
			children = (
				63AFEFC6187D0B7A0094C8B2 /* en */,
			);
			name = InfoPlist.strings;
			sourceTree = "<group>";
		};
/* End PBXVariantGroup section */

/* Begin XCBuildConfiguration section */
		63AFEFCA187D0B7A0094C8B2 /* Debug */ = {
			isa = XCBuildConfiguration;
			buildSettings = {
				ALWAYS_SEARCH_USER_PATHS = NO;
				ARCHS = "$(ARCHS_STANDARD_INCLUDING_64_BIT)";
				CLANG_CXX_LANGUAGE_STANDARD = "gnu++0x";
				CLANG_CXX_LIBRARY = "libc++";
				CLANG_ENABLE_MODULES = YES;
				CLANG_ENABLE_OBJC_ARC = YES;
				CLANG_WARN_BOOL_CONVERSION = YES;
				CLANG_WARN_CONSTANT_CONVERSION = YES;
				CLANG_WARN_DIRECT_OBJC_ISA_USAGE = YES_ERROR;
				CLANG_WARN_EMPTY_BODY = YES;
				CLANG_WARN_ENUM_CONVERSION = YES;
				CLANG_WARN_INT_CONVERSION = YES;
				CLANG_WARN_OBJC_ROOT_CLASS = YES_ERROR;
				CLANG_WARN__DUPLICATE_METHOD_MATCH = YES;
				"CODE_SIGN_IDENTITY[sdk=iphoneos*]" = "iPhone Developer";
				COPY_PHASE_STRIP = NO;
				GCC_C_LANGUAGE_STANDARD = gnu99;
				GCC_DYNAMIC_NO_PIC = NO;
				GCC_OPTIMIZATION_LEVEL = 0;
				GCC_PREPROCESSOR_DEFINITIONS = (
					"DEBUG=1",
					"$(inherited)",
				);
				GCC_SYMBOLS_PRIVATE_EXTERN = NO;
				GCC_WARN_64_TO_32_BIT_CONVERSION = YES;
				GCC_WARN_ABOUT_RETURN_TYPE = YES_ERROR;
				GCC_WARN_UNDECLARED_SELECTOR = YES;
				GCC_WARN_UNINITIALIZED_AUTOS = YES;
				GCC_WARN_UNUSED_FUNCTION = YES;
				GCC_WARN_UNUSED_VARIABLE = YES;
				IPHONEOS_DEPLOYMENT_TARGET = 7.0;
				ONLY_ACTIVE_ARCH = YES;
				SDKROOT = iphoneos;
			};
			name = Debug;
		};
		63AFEFCB187D0B7A0094C8B2 /* Release */ = {
			isa = XCBuildConfiguration;
			buildSettings = {
				ALWAYS_SEARCH_USER_PATHS = NO;
				ARCHS = "$(ARCHS_STANDARD_INCLUDING_64_BIT)";
				CLANG_CXX_LANGUAGE_STANDARD = "gnu++0x";
				CLANG_CXX_LIBRARY = "libc++";
				CLANG_ENABLE_MODULES = YES;
				CLANG_ENABLE_OBJC_ARC = YES;
				CLANG_WARN_BOOL_CONVERSION = YES;
				CLANG_WARN_CONSTANT_CONVERSION = YES;
				CLANG_WARN_DIRECT_OBJC_ISA_USAGE = YES_ERROR;
				CLANG_WARN_EMPTY_BODY = YES;
				CLANG_WARN_ENUM_CONVERSION = YES;
				CLANG_WARN_INT_CONVERSION = YES;
				CLANG_WARN_OBJC_ROOT_CLASS = YES_ERROR;
				CLANG_WARN__DUPLICATE_METHOD_MATCH = YES;
				"CODE_SIGN_IDENTITY[sdk=iphoneos*]" = "iPhone Developer";
				COPY_PHASE_STRIP = YES;
				ENABLE_NS_ASSERTIONS = NO;
				GCC_C_LANGUAGE_STANDARD = gnu99;
				GCC_WARN_64_TO_32_BIT_CONVERSION = YES;
				GCC_WARN_ABOUT_RETURN_TYPE = YES_ERROR;
				GCC_WARN_UNDECLARED_SELECTOR = YES;
				GCC_WARN_UNINITIALIZED_AUTOS = YES;
				GCC_WARN_UNUSED_FUNCTION = YES;
				GCC_WARN_UNUSED_VARIABLE = YES;
				IPHONEOS_DEPLOYMENT_TARGET = 7.0;
				SDKROOT = iphoneos;
				VALIDATE_PRODUCT = YES;
			};
			name = Release;
		};
		63AFEFCD187D0B7A0094C8B2 /* Debug */ = {
			isa = XCBuildConfiguration;
			buildSettings = {
				ASSETCATALOG_COMPILER_APPICON_NAME = AppIcon;
				ASSETCATALOG_COMPILER_LAUNCHIMAGE_NAME = LaunchImage;
				GCC_PRECOMPILE_PREFIX_HEADER = YES;
				GCC_PREFIX_HEADER = "ASIHttpRequest/ASIHttpRequest-Prefix.pch";
				HEADER_SEARCH_PATHS = (
					"$(inherited)",
					/Applications/Xcode.app/Contents/Developer/Toolchains/XcodeDefault.xctoolchain/usr/include,
					"$(SDKROOT)/usr/include/libxml2",
				);
				INFOPLIST_FILE = "ASIHttpRequest/ASIHttpRequest-Info.plist";
				PRODUCT_NAME = "$(TARGET_NAME)";
				WRAPPER_EXTENSION = app;
			};
			name = Debug;
		};
		63AFEFCE187D0B7A0094C8B2 /* Release */ = {
			isa = XCBuildConfiguration;
			buildSettings = {
				ASSETCATALOG_COMPILER_APPICON_NAME = AppIcon;
				ASSETCATALOG_COMPILER_LAUNCHIMAGE_NAME = LaunchImage;
				GCC_PRECOMPILE_PREFIX_HEADER = YES;
				GCC_PREFIX_HEADER = "ASIHttpRequest/ASIHttpRequest-Prefix.pch";
				HEADER_SEARCH_PATHS = (
					"$(inherited)",
					/Applications/Xcode.app/Contents/Developer/Toolchains/XcodeDefault.xctoolchain/usr/include,
					"$(SDKROOT)/usr/include/libxml2",
				);
				INFOPLIST_FILE = "ASIHttpRequest/ASIHttpRequest-Info.plist";
				PRODUCT_NAME = "$(TARGET_NAME)";
				WRAPPER_EXTENSION = app;
			};
			name = Release;
		};
		63AFEFD0187D0B7A0094C8B2 /* Debug */ = {
			isa = XCBuildConfiguration;
			buildSettings = {
				ARCHS = "$(ARCHS_STANDARD_INCLUDING_64_BIT)";
				BUNDLE_LOADER = "$(BUILT_PRODUCTS_DIR)/ASIHttpRequest.app/ASIHttpRequest";
				FRAMEWORK_SEARCH_PATHS = (
					"$(SDKROOT)/Developer/Library/Frameworks",
					"$(inherited)",
					"$(DEVELOPER_FRAMEWORKS_DIR)",
				);
				GCC_PRECOMPILE_PREFIX_HEADER = YES;
				GCC_PREFIX_HEADER = "ASIHttpRequest/ASIHttpRequest-Prefix.pch";
				GCC_PREPROCESSOR_DEFINITIONS = (
					"DEBUG=1",
					"$(inherited)",
				);
				INFOPLIST_FILE = "ASIHttpRequestTests/ASIHttpRequestTests-Info.plist";
				PRODUCT_NAME = "$(TARGET_NAME)";
				TEST_HOST = "$(BUNDLE_LOADER)";
				WRAPPER_EXTENSION = xctest;
			};
			name = Debug;
		};
		63AFEFD1187D0B7A0094C8B2 /* Release */ = {
			isa = XCBuildConfiguration;
			buildSettings = {
				ARCHS = "$(ARCHS_STANDARD_INCLUDING_64_BIT)";
				BUNDLE_LOADER = "$(BUILT_PRODUCTS_DIR)/ASIHttpRequest.app/ASIHttpRequest";
				FRAMEWORK_SEARCH_PATHS = (
					"$(SDKROOT)/Developer/Library/Frameworks",
					"$(inherited)",
					"$(DEVELOPER_FRAMEWORKS_DIR)",
				);
				GCC_PRECOMPILE_PREFIX_HEADER = YES;
				GCC_PREFIX_HEADER = "ASIHttpRequest/ASIHttpRequest-Prefix.pch";
				INFOPLIST_FILE = "ASIHttpRequestTests/ASIHttpRequestTests-Info.plist";
				PRODUCT_NAME = "$(TARGET_NAME)";
				TEST_HOST = "$(BUNDLE_LOADER)";
				WRAPPER_EXTENSION = xctest;
			};
			name = Release;
		};
/* End XCBuildConfiguration section */

/* Begin XCConfigurationList section */
		63AFEF95187D0B790094C8B2 /* Build configuration list for PBXProject "ASIHttpRequest" */ = {
			isa = XCConfigurationList;
			buildConfigurations = (
				63AFEFCA187D0B7A0094C8B2 /* Debug */,
				63AFEFCB187D0B7A0094C8B2 /* Release */,
			);
			defaultConfigurationIsVisible = 0;
			defaultConfigurationName = Release;
		};
		63AFEFCC187D0B7A0094C8B2 /* Build configuration list for PBXNativeTarget "ASIHttpRequest" */ = {
			isa = XCConfigurationList;
			buildConfigurations = (
				63AFEFCD187D0B7A0094C8B2 /* Debug */,
				63AFEFCE187D0B7A0094C8B2 /* Release */,
			);
			defaultConfigurationIsVisible = 0;
			defaultConfigurationName = Release;
		};
		63AFEFCF187D0B7A0094C8B2 /* Build configuration list for PBXNativeTarget "ASIHttpRequestTests" */ = {
			isa = XCConfigurationList;
			buildConfigurations = (
				63AFEFD0187D0B7A0094C8B2 /* Debug */,
				63AFEFD1187D0B7A0094C8B2 /* Release */,
			);
			defaultConfigurationIsVisible = 0;
			defaultConfigurationName = Release;
		};
/* End XCConfigurationList section */
	};
	rootObject = 63AFEF92187D0B790094C8B2 /* Project object */;
}
